
Microsoft Visual Studio Solution File, Format Version 12.00
# Visual Studio Version 16
VisualStudioVersion = 16.0.29709.97
MinimumVisualStudioVersion = 10.0.40219.1
Project("{FAE04EC0-301F-11D3-BF4B-00C04F79EFBC}") = "OrientaçãoObjeto", "OrientaçãoObjeto\OrientaçãoObjeto.csproj", "{8CB3EA34-4CB8-4E0E-A366-0AF6C8CDC32E}"
EndProject
Global
	GlobalSection(SolutionConfigurationPlatforms) = preSolution
		Debug|Any CPU = Debug|Any CPU
		Release|Any CPU = Release|Any CPU
	EndGlobalSection
	GlobalSection(ProjectConfigurationPlatforms) = postSolution
		{8CB3EA34-4CB8-4E0E-A366-0AF6C8CDC32E}.Debug|Any CPU.ActiveCfg = Debug|Any CPU
		{8CB3EA34-4CB8-4E0E-A366-0AF6C8CDC32E}.Debug|Any CPU.Build.0 = Debug|Any CPU
		{8CB3EA34-4CB8-4E0E-A366-0AF6C8CDC32E}.Release|Any CPU.ActiveCfg = Release|Any CPU
		{8CB3EA34-4CB8-4E0E-A366-0AF6C8CDC32E}.Release|Any CPU.Build.0 = Release|Any CPU
	EndGlobalSection
	GlobalSection(SolutionProperties) = preSolution
		HideSolutionNode = FALSE
	EndGlobalSection
	GlobalSection(ExtensibilityGlobals) = postSolution
		SolutionGuid = {4801D340-A843-4A64-B2FB-403A0E0D4424}
	EndGlobalSection
EndGlobal
